
Microsoft Visual Studio Solution File, Format Version 12.00
# Visual Studio Version 18
VisualStudioVersion = 18.9.12105.275 stable
MinimumVisualStudioVersion = 10.0.40219.1
Project("{9A19103F-16F7-4668-BE54-9A1E7A4F7556}") = "FargosPhantasmMode", "FargosPhantasmMode.csproj", "{08B52108-63DE-4DC6-B7C3-3790410E6C8F}"
EndProject
Global
	GlobalSection(SolutionConfigurationPlatforms) = preSolution
		Debug|Any CPU = Debug|Any CPU
		Release|Any CPU = Release|Any CPU
	EndGlobalSection
	GlobalSection(ProjectConfigurationPlatforms) = postSolution
		{08B52108-63DE-4DC6-B7C3-3790410E6C8F}.Debug|Any CPU.ActiveCfg = Debug|Any CPU
		{08B52108-63DE-4DC6-B7C3-3790410E6C8F}.Debug|Any CPU.Build.0 = Debug|Any CPU
		{08B52108-63DE-4DC6-B7C3-3790410E6C8F}.Release|Any CPU.ActiveCfg = Release|Any CPU
		{08B52108-63DE-4DC6-B7C3-3790410E6C8F}.Release|Any CPU.Build.0 = Release|Any CPU
	EndGlobalSection
	GlobalSection(SolutionProperties) = preSolution
		HideSolutionNode = FALSE
	EndGlobalSection
	GlobalSection(ExtensibilityGlobals) = postSolution
		SolutionGuid = {0B360907-BBE0-4BCE-B1B4-05688198694F}
	EndGlobalSection
EndGlobal
